// !$*UTF8*$!
{
	archiveVersion = 1;
	classes = {
	};
	objectVersion = 52;
	objects = {

/* Begin PBXBuildFile section */
		28185555F092B7C01970EAFE /* Pods_Vr_Tour.framework in Frameworks */ = {isa = PBXBuildFile; fileRef = 01C80771A2CC7BC09EAA5BBD /* Pods_Vr_Tour.framework */; };
		653780BF241F397E00338862 /* FacebookCore in Frameworks */ = {isa = PBXBuildFile; productRef = 653780BE241F397E00338862 /* FacebookCore */; };
		653780C1241F397E00338862 /* FacebookLogin in Frameworks */ = {isa = PBXBuildFile; productRef = 653780C0241F397E00338862 /* FacebookLogin */; };
		653780C3241F397E00338862 /* FacebookShare in Frameworks */ = {isa = PBXBuildFile; productRef = 653780C2241F397E00338862 /* FacebookShare */; };
		6537ACAC241A20680006B692 /* AbourVrViewController.swift in Sources */ = {isa = PBXBuildFile; fileRef = 6537ACAB241A20680006B692 /* AbourVrViewController.swift */; };
		655E2F6C243169AE0076BA47 /* Users.swift in Sources */ = {isa = PBXBuildFile; fileRef = 655E2F6B243169AE0076BA47 /* Users.swift */; };
		6564F23124030EA80055EB1B /* closeKeyBoard.swift in Sources */ = {isa = PBXBuildFile; fileRef = 6564F23024030EA80055EB1B /* closeKeyBoard.swift */; };
		6566D67A2414773900DD32F2 /* WelcomeVc.swift in Sources */ = {isa = PBXBuildFile; fileRef = 6566D6792414773900DD32F2 /* WelcomeVc.swift */; };
		6566D67E2414776E00DD32F2 /* SideMenuTableVC.swift in Sources */ = {isa = PBXBuildFile; fileRef = 6566D67D2414776E00DD32F2 /* SideMenuTableVC.swift */; };
		6566D681241479E200DD32F2 /* LocationVr.swift in Sources */ = {isa = PBXBuildFile; fileRef = 6566D680241479E200DD32F2 /* LocationVr.swift */; };
		6566D68324147A3800DD32F2 /* LocationTableView.swift in Sources */ = {isa = PBXBuildFile; fileRef = 6566D68224147A3800DD32F2 /* LocationTableView.swift */; };
		657402772402170F005DD3AD /* CurrencyExchangeViewController.swift in Sources */ = {isa = PBXBuildFile; fileRef = 657402762402170F005DD3AD /* CurrencyExchangeViewController.swift */; };
		6575C15324390538003D9782 /* histogramCollectionViewController.swift in Sources */ = {isa = PBXBuildFile; fileRef = 6575C15224390538003D9782 /* histogramCollectionViewController.swift */; };
		657C733A23F4D20F0010597B /* WeatherManager.swift in Sources */ = {isa = PBXBuildFile; fileRef = 657C733923F4D20F0010597B /* WeatherManager.swift */; };
		657C733C23F4D2310010597B /* WeatherData.swift in Sources */ = {isa = PBXBuildFile; fileRef = 657C733B23F4D2310010597B /* WeatherData.swift */; };
		657C733E23F4D2470010597B /* WeatherModel.swift in Sources */ = {isa = PBXBuildFile; fileRef = 657C733D23F4D2470010597B /* WeatherModel.swift */; };
		657C734023F4D2840010597B /* WeatherViewController.swift in Sources */ = {isa = PBXBuildFile; fileRef = 657C733F23F4D2840010597B /* WeatherViewController.swift */; };
		657CD0AF238869EF00592709 /* textfieldsimage.swift in Sources */ = {isa = PBXBuildFile; fileRef = 657CD0AE238869EF00592709 /* textfieldsimage.swift */; };
		659BBF672438314F00217A3A /* PhotoSelectorCell.swift in Sources */ = {isa = PBXBuildFile; fileRef = 659BBF642438314F00217A3A /* PhotoSelectorCell.swift */; };
		659BBF682438314F00217A3A /* PhotoSelectorController.swift in Sources */ = {isa = PBXBuildFile; fileRef = 659BBF652438314F00217A3A /* PhotoSelectorController.swift */; };
		659BBF692438314F00217A3A /* PhotoSelectorReusableView.swift in Sources */ = {isa = PBXBuildFile; fileRef = 659BBF662438314F00217A3A /* PhotoSelectorReusableView.swift */; };
		659BBF6C243831BF00217A3A /* SharePhotoController.swift in Sources */ = {isa = PBXBuildFile; fileRef = 659BBF6B243831BE00217A3A /* SharePhotoController.swift */; };
		65BE52FF2437E09E007F02AA /* HistoryCollectionViewCell.swift in Sources */ = {isa = PBXBuildFile; fileRef = 65BE52FE2437E09E007F02AA /* HistoryCollectionViewCell.swift */; };
		65C7EBD8241808D800F41BA5 /* NearbyPalce.swift in Sources */ = {isa = PBXBuildFile; fileRef = 65C7EBD7241808D800F41BA5 /* NearbyPalce.swift */; };
		65CF7E342439676E00FECF52 /* PostDetails.swift in Sources */ = {isa = PBXBuildFile; fileRef = 65CF7E332439676E00FECF52 /* PostDetails.swift */; };
		65D7D13C23860D3A00666180 /* AppDelegate.swift in Sources */ = {isa = PBXBuildFile; fileRef = 65D7D13B23860D3A00666180 /* AppDelegate.swift */; };
		65D7D13E23860D3A00666180 /* LoginViewController.swift in Sources */ = {isa = PBXBuildFile; fileRef = 65D7D13D23860D3A00666180 /* LoginViewController.swift */; };
		65D7D14323860D3D00666180 /* Assets.xcassets in Resources */ = {isa = PBXBuildFile; fileRef = 65D7D14223860D3D00666180 /* Assets.xcassets */; };
		65D7D14F23860D7300666180 /* LaunchScreen.storyboard in Resources */ = {isa = PBXBuildFile; fileRef = 65D7D14D23860D7200666180 /* LaunchScreen.storyboard */; };
		65D7D15023860D7300666180 /* Main.storyboard in Resources */ = {isa = PBXBuildFile; fileRef = 65D7D14E23860D7200666180 /* Main.storyboard */; };
		65D7D15223860DA900666180 /* UIButton+Extension.swift in Sources */ = {isa = PBXBuildFile; fileRef = 65D7D15123860DA900666180 /* UIButton+Extension.swift */; };
		65D7D15723860EBE00666180 /* SignUpViewController.swift in Sources */ = {isa = PBXBuildFile; fileRef = 65D7D15623860EBE00666180 /* SignUpViewController.swift */; };
		65D7D15923860F0600666180 /* ForgotPasswordViewController.swift in Sources */ = {isa = PBXBuildFile; fileRef = 65D7D15823860F0600666180 /* ForgotPasswordViewController.swift */; };
		65D7D15B23860F5100666180 /* MapViewController.swift in Sources */ = {isa = PBXBuildFile; fileRef = 65D7D15A23860F5100666180 /* MapViewController.swift */; };
		65DC109E24179D21007E8374 /* nearbyPlaceTableView.swift in Sources */ = {isa = PBXBuildFile; fileRef = 65DC109D24179D21007E8374 /* nearbyPlaceTableView.swift */; };
		65DC10A62417AE4E007E8374 /* GoogleService-Info.plist in Resources */ = {isa = PBXBuildFile; fileRef = 65DC10A52417AE4E007E8374 /* GoogleService-Info.plist */; };
/* End PBXBuildFile section */

/* Begin PBXFileReference section */
		01C80771A2CC7BC09EAA5BBD /* Pods_Vr_Tour.framework */ = {isa = PBXFileReference; explicitFileType = wrapper.framework; includeInIndex = 0; path = Pods_Vr_Tour.framework; sourceTree = BUILT_PRODUCTS_DIR; };
		283661E027BC137F52FB0867 /* Pods-Vr Tour.debug.xcconfig */ = {isa = PBXFileReference; includeInIndex = 1; lastKnownFileType = text.xcconfig; name = "Pods-Vr Tour.debug.xcconfig"; path = "Target Support Files/Pods-Vr Tour/Pods-Vr Tour.debug.xcconfig"; sourceTree = "<group>"; };
		6537ACAB241A20680006B692 /* AbourVrViewController.swift */ = {isa = PBXFileReference; fileEncoding = 4; lastKnownFileType = sourcecode.swift; path = AbourVrViewController.swift; sourceTree = "<group>"; };
		655E2F6B243169AE0076BA47 /* Users.swift */ = {isa = PBXFileReference; fileEncoding = 4; lastKnownFileType = sourcecode.swift; path = Users.swift; sourceTree = "<group>"; };
		6564F23024030EA80055EB1B /* closeKeyBoard.swift */ = {isa = PBXFileReference; lastKnownFileType = sourcecode.swift; path = closeKeyBoard.swift; sourceTree = "<group>"; };
		6566D6792414773900DD32F2 /* WelcomeVc.swift */ = {isa = PBXFileReference; fileEncoding = 4; lastKnownFileType = sourcecode.swift; name = WelcomeVc.swift; path = "../../../../vr/Vr-Tour/Vr Tour/Controller/login/WelcomeVc.swift"; sourceTree = "<group>"; };
		6566D67D2414776E00DD32F2 /* SideMenuTableVC.swift */ = {isa = PBXFileReference; fileEncoding = 4; lastKnownFileType = sourcecode.swift; name = SideMenuTableVC.swift; path = "../../../../vr/Vr-Tour/Vr Tour/Controller/SideVC/SideMenuTableVC.swift"; sourceTree = "<group>"; };
		6566D680241479E200DD32F2 /* LocationVr.swift */ = {isa = PBXFileReference; lastKnownFileType = sourcecode.swift; path = LocationVr.swift; sourceTree = "<group>"; };
		6566D68224147A3800DD32F2 /* LocationTableView.swift */ = {isa = PBXFileReference; lastKnownFileType = sourcecode.swift; path = LocationTableView.swift; sourceTree = "<group>"; };
		657402762402170F005DD3AD /* CurrencyExchangeViewController.swift */ = {isa = PBXFileReference; lastKnownFileType = sourcecode.swift; path = CurrencyExchangeViewController.swift; sourceTree = "<group>"; };
		6575C15224390538003D9782 /* histogramCollectionViewController.swift */ = {isa = PBXFileReference; lastKnownFileType = sourcecode.swift; path = histogramCollectionViewController.swift; sourceTree = "<group>"; };
		657C733923F4D20F0010597B /* WeatherManager.swift */ = {isa = PBXFileReference; lastKnownFileType = sourcecode.swift; path = WeatherManager.swift; sourceTree = "<group>"; };
		657C733B23F4D2310010597B /* WeatherData.swift */ = {isa = PBXFileReference; lastKnownFileType = sourcecode.swift; path = WeatherData.swift; sourceTree = "<group>"; };
		657C733D23F4D2470010597B /* WeatherModel.swift */ = {isa = PBXFileReference; lastKnownFileType = sourcecode.swift; path = WeatherModel.swift; sourceTree = "<group>"; };
		657C733F23F4D2840010597B /* WeatherViewController.swift */ = {isa = PBXFileReference; lastKnownFileType = sourcecode.swift; path = WeatherViewController.swift; sourceTree = "<group>"; };
		657CD0AE238869EF00592709 /* textfieldsimage.swift */ = {isa = PBXFileReference; lastKnownFileType = sourcecode.swift; path = textfieldsimage.swift; sourceTree = "<group>"; };
		659BBF642438314F00217A3A /* PhotoSelectorCell.swift */ = {isa = PBXFileReference; fileEncoding = 4; lastKnownFileType = sourcecode.swift; path = PhotoSelectorCell.swift; sourceTree = "<group>"; };
		659BBF652438314F00217A3A /* PhotoSelectorController.swift */ = {isa = PBXFileReference; fileEncoding = 4; lastKnownFileType = sourcecode.swift; path = PhotoSelectorController.swift; sourceTree = "<group>"; };
		659BBF662438314F00217A3A /* PhotoSelectorReusableView.swift */ = {isa = PBXFileReference; fileEncoding = 4; lastKnownFileType = sourcecode.swift; path = PhotoSelectorReusableView.swift; sourceTree = "<group>"; };
		659BBF6B243831BE00217A3A /* SharePhotoController.swift */ = {isa = PBXFileReference; fileEncoding = 4; lastKnownFileType = sourcecode.swift; path = SharePhotoController.swift; sourceTree = "<group>"; };
		65BE52FE2437E09E007F02AA /* HistoryCollectionViewCell.swift */ = {isa = PBXFileReference; lastKnownFileType = sourcecode.swift; path = HistoryCollectionViewCell.swift; sourceTree = "<group>"; };
		65C7EBD7241808D800F41BA5 /* NearbyPalce.swift */ = {isa = PBXFileReference; lastKnownFileType = sourcecode.swift; path = NearbyPalce.swift; sourceTree = "<group>"; };
		65CF7E332439676E00FECF52 /* PostDetails.swift */ = {isa = PBXFileReference; lastKnownFileType = sourcecode.swift; path = PostDetails.swift; sourceTree = "<group>"; };
		65D7D13823860D3A00666180 /* Vr Tour.app */ = {isa = PBXFileReference; explicitFileType = wrapper.application; includeInIndex = 0; path = "Vr Tour.app"; sourceTree = BUILT_PRODUCTS_DIR; };
		65D7D13B23860D3A00666180 /* AppDelegate.swift */ = {isa = PBXFileReference; lastKnownFileType = sourcecode.swift; path = AppDelegate.swift; sourceTree = "<group>"; };
		65D7D13D23860D3A00666180 /* LoginViewController.swift */ = {isa = PBXFileReference; lastKnownFileType = sourcecode.swift; path = LoginViewController.swift; sourceTree = "<group>"; };
		65D7D14223860D3D00666180 /* Assets.xcassets */ = {isa = PBXFileReference; lastKnownFileType = folder.assetcatalog; path = Assets.xcassets; sourceTree = "<group>"; };
		65D7D14723860D3D00666180 /* Info.plist */ = {isa = PBXFileReference; lastKnownFileType = text.plist.xml; path = Info.plist; sourceTree = "<group>"; };
		65D7D14D23860D7200666180 /* LaunchScreen.storyboard */ = {isa = PBXFileReference; fileEncoding = 4; lastKnownFileType = file.storyboard; path = LaunchScreen.storyboard; sourceTree = "<group>"; };
		65D7D14E23860D7200666180 /* Main.storyboard */ = {isa = PBXFileReference; fileEncoding = 4; lastKnownFileType = file.storyboard; path = Main.storyboard; sourceTree = "<group>"; };
		65D7D15123860DA900666180 /* UIButton+Extension.swift */ = {isa = PBXFileReference; fileEncoding = 4; lastKnownFileType = sourcecode.swift; path = "UIButton+Extension.swift"; sourceTree = "<group>"; };
		65D7D15623860EBE00666180 /* SignUpViewController.swift */ = {isa = PBXFileReference; lastKnownFileType = sourcecode.swift; path = SignUpViewController.swift; sourceTree = "<group>"; };
		65D7D15823860F0600666180 /* ForgotPasswordViewController.swift */ = {isa = PBXFileReference; lastKnownFileType = sourcecode.swift; path = ForgotPasswordViewController.swift; sourceTree = "<group>"; };
		65D7D15A23860F5100666180 /* MapViewController.swift */ = {isa = PBXFileReference; lastKnownFileType = sourcecode.swift; path = MapViewController.swift; sourceTree = "<group>"; };
		65DC109D24179D21007E8374 /* nearbyPlaceTableView.swift */ = {isa = PBXFileReference; lastKnownFileType = sourcecode.swift; path = nearbyPlaceTableView.swift; sourceTree = "<group>"; };
		65DC10A52417AE4E007E8374 /* GoogleService-Info.plist */ = {isa = PBXFileReference; fileEncoding = 4; lastKnownFileType = text.plist.xml; path = "GoogleService-Info.plist"; sourceTree = "<group>"; };
		EF1B3553C24948F1B02FB4C5 /* Pods-Vr Tour.release.xcconfig */ = {isa = PBXFileReference; includeInIndex = 1; lastKnownFileType = text.xcconfig; name = "Pods-Vr Tour.release.xcconfig"; path = "Target Support Files/Pods-Vr Tour/Pods-Vr Tour.release.xcconfig"; sourceTree = "<group>"; };
/* End PBXFileReference section */

/* Begin PBXFrameworksBuildPhase section */
		65D7D13523860D3A00666180 /* Frameworks */ = {
			isa = PBXFrameworksBuildPhase;
			buildActionMask = 2147483647;
			files = (
				28185555F092B7C01970EAFE /* Pods_Vr_Tour.framework in Frameworks */,
				653780BF241F397E00338862 /* FacebookCore in Frameworks */,
				653780C3241F397E00338862 /* FacebookShare in Frameworks */,
				653780C1241F397E00338862 /* FacebookLogin in Frameworks */,
			);
			runOnlyForDeploymentPostprocessing = 0;
		};
/* End PBXFrameworksBuildPhase section */

/* Begin PBXGroup section */
		17DED9D4D3AB5E400157C568 /* Frameworks */ = {
			isa = PBXGroup;
			children = (
				01C80771A2CC7BC09EAA5BBD /* Pods_Vr_Tour.framework */,
			);
			name = Frameworks;
			sourceTree = "<group>";
		};
		4C87204CF0A284EDB0F9F675 /* Pods */ = {
			isa = PBXGroup;
			children = (
				283661E027BC137F52FB0867 /* Pods-Vr Tour.debug.xcconfig */,
				EF1B3553C24948F1B02FB4C5 /* Pods-Vr Tour.release.xcconfig */,
			);
			path = Pods;
			sourceTree = "<group>";
		};
		6537ACA8241A16510006B692 /* Map */ = {
			isa = PBXGroup;
			children = (
				65D7D15A23860F5100666180 /* MapViewController.swift */,
				6537ACAB241A20680006B692 /* AbourVrViewController.swift */,
			);
			path = Map;
			sourceTree = "<group>";
		};
		6566D67F241479CA00DD32F2 /* location */ = {
			isa = PBXGroup;
			children = (
				6566D680241479E200DD32F2 /* LocationVr.swift */,
				65C7EBD7241808D800F41BA5 /* NearbyPalce.swift */,
			);
			path = location;
			sourceTree = "<group>";
		};
		657C732923F4CAE70010597B /* Model */ = {
			isa = PBXGroup;
			children = (
				655E2F6B243169AE0076BA47 /* Users.swift */,
				6566D67F241479CA00DD32F2 /* location */,
				65DC109F24179D7B007E8374 /* ModelWeather */,
				65CF7E332439676E00FECF52 /* PostDetails.swift */,
			);
			path = Model;
			sourceTree = "<group>";
		};
		657C732A23F4CB090010597B /* login */ = {
			isa = PBXGroup;
			children = (
				6566D6792414773900DD32F2 /* WelcomeVc.swift */,
				65D7D13D23860D3A00666180 /* LoginViewController.swift */,
				65D7D15623860EBE00666180 /* SignUpViewController.swift */,
				65D7D15823860F0600666180 /* ForgotPasswordViewController.swift */,
			);
			path = login;
			sourceTree = "<group>";
		};
		658486AA241C4B7400638B7E /* Historygram */ = {
			isa = PBXGroup;
			children = (
				6575C15224390538003D9782 /* histogramCollectionViewController.swift */,
				65BE52FE2437E09E007F02AA /* HistoryCollectionViewCell.swift */,
			);
			path = Historygram;
			sourceTree = "<group>";
		};
		659BBF632438313600217A3A /* fetchPhoto */ = {
			isa = PBXGroup;
			children = (
				659BBF652438314F00217A3A /* PhotoSelectorController.swift */,
				659BBF662438314F00217A3A /* PhotoSelectorReusableView.swift */,
				659BBF642438314F00217A3A /* PhotoSelectorCell.swift */,
			);
			path = fetchPhoto;
			sourceTree = "<group>";
		};
		659BBF6A243831AC00217A3A /* share */ = {
			isa = PBXGroup;
			children = (
				659BBF6B243831BE00217A3A /* SharePhotoController.swift */,
			);
			path = share;
			sourceTree = "<group>";
		};
		65C13B0123FC882500CB102F /* SideVC */ = {
			isa = PBXGroup;
			children = (
				6566D67D2414776E00DD32F2 /* SideMenuTableVC.swift */,
				657C733F23F4D2840010597B /* WeatherViewController.swift */,
				657402762402170F005DD3AD /* CurrencyExchangeViewController.swift */,
				6566D68224147A3800DD32F2 /* LocationTableView.swift */,
				65DC109D24179D21007E8374 /* nearbyPlaceTableView.swift */,
			);
			path = SideVC;
			sourceTree = "<group>";
		};
		65D7D12F23860D3A00666180 = {
			isa = PBXGroup;
			children = (
				65D7D13A23860D3A00666180 /* Vr Tour */,
				65D7D13923860D3A00666180 /* Products */,
				4C87204CF0A284EDB0F9F675 /* Pods */,
				17DED9D4D3AB5E400157C568 /* Frameworks */,
			);
			sourceTree = "<group>";
		};
		65D7D13923860D3A00666180 /* Products */ = {
			isa = PBXGroup;
			children = (
				65D7D13823860D3A00666180 /* Vr Tour.app */,
			);
			name = Products;
			sourceTree = "<group>";
		};
		65D7D13A23860D3A00666180 /* Vr Tour */ = {
			isa = PBXGroup;
			children = (
				65D7D13B23860D3A00666180 /* AppDelegate.swift */,
				65D7D15523860E0600666180 /* Controller */,
				65D7D15323860DBA00666180 /* Extension */,
				657C732923F4CAE70010597B /* Model */,
				65DC10A02417AD6C007E8374 /* Resources */,
				65D7D15423860DCB00666180 /* View */,
			);
			path = "Vr Tour";
			sourceTree = "<group>";
		};
		65D7D15323860DBA00666180 /* Extension */ = {
			isa = PBXGroup;
			children = (
				65D7D15123860DA900666180 /* UIButton+Extension.swift */,
				657CD0AE238869EF00592709 /* textfieldsimage.swift */,
				6564F23024030EA80055EB1B /* closeKeyBoard.swift */,
			);
			path = Extension;
			sourceTree = "<group>";
		};
		65D7D15423860DCB00666180 /* View */ = {
			isa = PBXGroup;
			children = (
				65D7D14E23860D7200666180 /* Main.storyboard */,
				65D7D14D23860D7200666180 /* LaunchScreen.storyboard */,
			);
			path = View;
			sourceTree = "<group>";
		};
		65D7D15523860E0600666180 /* Controller */ = {
			isa = PBXGroup;
			children = (
				659BBF6A243831AC00217A3A /* share */,
				659BBF632438313600217A3A /* fetchPhoto */,
				658486AA241C4B7400638B7E /* Historygram */,
				6537ACA8241A16510006B692 /* Map */,
				657C732A23F4CB090010597B /* login */,
				65C13B0123FC882500CB102F /* SideVC */,
			);
			path = Controller;
			sourceTree = "<group>";
		};
		65DC109F24179D7B007E8374 /* ModelWeather */ = {
			isa = PBXGroup;
			children = (
				657C733923F4D20F0010597B /* WeatherManager.swift */,
				657C733B23F4D2310010597B /* WeatherData.swift */,
				657C733D23F4D2470010597B /* WeatherModel.swift */,
			);
			path = ModelWeather;
			sourceTree = "<group>";
		};
		65DC10A02417AD6C007E8374 /* Resources */ = {
			isa = PBXGroup;
			children = (
				65D7D14723860D3D00666180 /* Info.plist */,
				65DC10A52417AE4E007E8374 /* GoogleService-Info.plist */,
				65D7D14223860D3D00666180 /* Assets.xcassets */,
			);
			path = Resources;
			sourceTree = "<group>";
		};
/* End PBXGroup section */

/* Begin PBXNativeTarget section */
		65D7D13723860D3A00666180 /* Vr Tour */ = {
			isa = PBXNativeTarget;
			buildConfigurationList = 65D7D14A23860D3D00666180 /* Build configuration list for PBXNativeTarget "Vr Tour" */;
			buildPhases = (
				5789F869E22DEF91D497A978 /* [CP] Check Pods Manifest.lock */,
				65D7D13423860D3A00666180 /* Sources */,
				65D7D13523860D3A00666180 /* Frameworks */,
				65D7D13623860D3A00666180 /* Resources */,
				233F1ACE39820282CF6FBB14 /* [CP] Embed Pods Frameworks */,
				0C4F3AD335C7C699A8CDE0EC /* [CP] Copy Pods Resources */,
			);
			buildRules = (
			);
			dependencies = (
			);
			name = "Vr Tour";
			packageProductDependencies = (
				653780BE241F397E00338862 /* FacebookCore */,
				653780C0241F397E00338862 /* FacebookLogin */,
				653780C2241F397E00338862 /* FacebookShare */,
			);
			productName = "Vr Tour";
			productReference = 65D7D13823860D3A00666180 /* Vr Tour.app */;
			productType = "com.apple.product-type.application";
		};
/* End PBXNativeTarget section */

/* Begin PBXProject section */
		65D7D13023860D3A00666180 /* Project object */ = {
			isa = PBXProject;
			attributes = {
				LastSwiftUpdateCheck = 1030;
				LastUpgradeCheck = 1030;
				ORGANIZATIONNAME = "Hello Tomorrow";
				TargetAttributes = {
					65D7D13723860D3A00666180 = {
						CreatedOnToolsVersion = 10.3;
					};
				};
			};
			buildConfigurationList = 65D7D13323860D3A00666180 /* Build configuration list for PBXProject "Vr Tour" */;
			compatibilityVersion = "Xcode 9.3";
			developmentRegion = en;
			hasScannedForEncodings = 0;
			knownRegions = (
				en,
				Base,
			);
			mainGroup = 65D7D12F23860D3A00666180;
			packageReferences = (
				653780BD241F397E00338862 /* XCRemoteSwiftPackageReference "facebook-ios-sdk" */,
			);
			productRefGroup = 65D7D13923860D3A00666180 /* Products */;
			projectDirPath = "";
			projectRoot = "";
			targets = (
				65D7D13723860D3A00666180 /* Vr Tour */,
			);
		};
/* End PBXProject section */

/* Begin PBXResourcesBuildPhase section */
		65D7D13623860D3A00666180 /* Resources */ = {
			isa = PBXResourcesBuildPhase;
			buildActionMask = 2147483647;
			files = (
				65D7D15023860D7300666180 /* Main.storyboard in Resources */,
				65DC10A62417AE4E007E8374 /* GoogleService-Info.plist in Resources */,
				65D7D14F23860D7300666180 /* LaunchScreen.storyboard in Resources */,
				65D7D14323860D3D00666180 /* Assets.xcassets in Resources */,
			);
			runOnlyForDeploymentPostprocessing = 0;
		};
/* End PBXResourcesBuildPhase section */

/* Begin PBXShellScriptBuildPhase section */
		0C4F3AD335C7C699A8CDE0EC /* [CP] Copy Pods Resources */ = {
			isa = PBXShellScriptBuildPhase;
			buildActionMask = 2147483647;
			files = (
			);
			inputFileListPaths = (
				"${PODS_ROOT}/Target Support Files/Pods-Vr Tour/Pods-Vr Tour-resources-${CONFIGURATION}-input-files.xcfilelist",
			);
			name = "[CP] Copy Pods Resources";
			outputFileListPaths = (
				"${PODS_ROOT}/Target Support Files/Pods-Vr Tour/Pods-Vr Tour-resources-${CONFIGURATION}-output-files.xcfilelist",
			);
			runOnlyForDeploymentPostprocessing = 0;
			shellPath = /bin/sh;
			shellScript = "\"${PODS_ROOT}/Target Support Files/Pods-Vr Tour/Pods-Vr Tour-resources.sh\"\n";
			showEnvVarsInLog = 0;
		};
		233F1ACE39820282CF6FBB14 /* [CP] Embed Pods Frameworks */ = {
			isa = PBXShellScriptBuildPhase;
			buildActionMask = 2147483647;
			files = (
			);
			inputFileListPaths = (
				"${PODS_ROOT}/Target Support Files/Pods-Vr Tour/Pods-Vr Tour-frameworks-${CONFIGURATION}-input-files.xcfilelist",
			);
			name = "[CP] Embed Pods Frameworks";
			outputFileListPaths = (
				"${PODS_ROOT}/Target Support Files/Pods-Vr Tour/Pods-Vr Tour-frameworks-${CONFIGURATION}-output-files.xcfilelist",
			);
			runOnlyForDeploymentPostprocessing = 0;
			shellPath = /bin/sh;
			shellScript = "\"${PODS_ROOT}/Target Support Files/Pods-Vr Tour/Pods-Vr Tour-frameworks.sh\"\n";
			showEnvVarsInLog = 0;
		};
		5789F869E22DEF91D497A978 /* [CP] Check Pods Manifest.lock */ = {
			isa = PBXShellScriptBuildPhase;
			buildActionMask = 2147483647;
			files = (
			);
			inputFileListPaths = (
			);
			inputPaths = (
				"${PODS_PODFILE_DIR_PATH}/Podfile.lock",
				"${PODS_ROOT}/Manifest.lock",
			);
			name = "[CP] Check Pods Manifest.lock";
			outputFileListPaths = (
			);
			outputPaths = (
				"$(DERIVED_FILE_DIR)/Pods-Vr Tour-checkManifestLockResult.txt",
			);
			runOnlyForDeploymentPostprocessing = 0;
			shellPath = /bin/sh;
			shellScript = "diff \"${PODS_PODFILE_DIR_PATH}/Podfile.lock\" \"${PODS_ROOT}/Manifest.lock\" > /dev/null\nif [ $? != 0 ] ; then\n    # print error to STDERR\n    echo \"error: The sandbox is not in sync with the Podfile.lock. Run 'pod install' or update your CocoaPods installation.\" >&2\n    exit 1\nfi\n# This output is used by Xcode 'outputs' to avoid re-running this script phase.\necho \"SUCCESS\" > \"${SCRIPT_OUTPUT_FILE_0}\"\n";
			showEnvVarsInLog = 0;
		};
/* End PBXShellScriptBuildPhase section */

/* Begin PBXSourcesBuildPhase section */
		65D7D13423860D3A00666180 /* Sources */ = {
			isa = PBXSourcesBuildPhase;
			buildActionMask = 2147483647;
			files = (
				6566D67E2414776E00DD32F2 /* SideMenuTableVC.swift in Sources */,
				65D7D13E23860D3A00666180 /* LoginViewController.swift in Sources */,
				6537ACAC241A20680006B692 /* AbourVrViewController.swift in Sources */,
				65D7D15B23860F5100666180 /* MapViewController.swift in Sources */,
				657C733A23F4D20F0010597B /* WeatherManager.swift in Sources */,
				65BE52FF2437E09E007F02AA /* HistoryCollectionViewCell.swift in Sources */,
				657CD0AF238869EF00592709 /* textfieldsimage.swift in Sources */,
				657C734023F4D2840010597B /* WeatherViewController.swift in Sources */,
				657C733C23F4D2310010597B /* WeatherData.swift in Sources */,
				659BBF682438314F00217A3A /* PhotoSelectorController.swift in Sources */,
				657402772402170F005DD3AD /* CurrencyExchangeViewController.swift in Sources */,
				65CF7E342439676E00FECF52 /* PostDetails.swift in Sources */,
				65D7D15923860F0600666180 /* ForgotPasswordViewController.swift in Sources */,
				6564F23124030EA80055EB1B /* closeKeyBoard.swift in Sources */,
				659BBF672438314F00217A3A /* PhotoSelectorCell.swift in Sources */,
				659BBF6C243831BF00217A3A /* SharePhotoController.swift in Sources */,
				65DC109E24179D21007E8374 /* nearbyPlaceTableView.swift in Sources */,
				65D7D13C23860D3A00666180 /* AppDelegate.swift in Sources */,
				6566D68324147A3800DD32F2 /* LocationTableView.swift in Sources */,
				6575C15324390538003D9782 /* histogramCollectionViewController.swift in Sources */,
				65D7D15723860EBE00666180 /* SignUpViewController.swift in Sources */,
				6566D681241479E200DD32F2 /* LocationVr.swift in Sources */,
				657C733E23F4D2470010597B /* WeatherModel.swift in Sources */,
				65C7EBD8241808D800F41BA5 /* NearbyPalce.swift in Sources */,
				65D7D15223860DA900666180 /* UIButton+Extension.swift in Sources */,
				6566D67A2414773900DD32F2 /* WelcomeVc.swift in Sources */,
				655E2F6C243169AE0076BA47 /* Users.swift in Sources */,
				659BBF692438314F00217A3A /* PhotoSelectorReusableView.swift in Sources */,
			);
			runOnlyForDeploymentPostprocessing = 0;
		};
/* End PBXSourcesBuildPhase section */

/* Begin XCBuildConfiguration section */
		65D7D14823860D3D00666180 /* Debug */ = {
			isa = XCBuildConfiguration;
			buildSettings = {
				ALWAYS_SEARCH_USER_PATHS = NO;
				CLANG_ANALYZER_NONNULL = YES;
				CLANG_ANALYZER_NUMBER_OBJECT_CONVERSION = YES_AGGRESSIVE;
				CLANG_CXX_LANGUAGE_STANDARD = "gnu++14";
				CLANG_CXX_LIBRARY = "libc++";
				CLANG_ENABLE_MODULES = YES;
				CLANG_ENABLE_OBJC_ARC = YES;
				CLANG_ENABLE_OBJC_WEAK = YES;
				CLANG_WARN_BLOCK_CAPTURE_AUTORELEASING = YES;
				CLANG_WARN_BOOL_CONVERSION = YES;
				CLANG_WARN_COMMA = YES;
				CLANG_WARN_CONSTANT_CONVERSION = YES;
				CLANG_WARN_DEPRECATED_OBJC_IMPLEMENTATIONS = YES;
				CLANG_WARN_DIRECT_OBJC_ISA_USAGE = YES_ERROR;
				CLANG_WARN_DOCUMENTATION_COMMENTS = YES;
				CLANG_WARN_EMPTY_BODY = YES;
				CLANG_WARN_ENUM_CONVERSION = YES;
				CLANG_WARN_INFINITE_RECURSION = YES;
				CLANG_WARN_INT_CONVERSION = YES;
				CLANG_WARN_NON_LITERAL_NULL_CONVERSION = YES;
				CLANG_WARN_OBJC_IMPLICIT_RETAIN_SELF = YES;
				CLANG_WARN_OBJC_LITERAL_CONVERSION = YES;
				CLANG_WARN_OBJC_ROOT_CLASS = YES_ERROR;
				CLANG_WARN_RANGE_LOOP_ANALYSIS = YES;
				CLANG_WARN_STRICT_PROTOTYPES = YES;
				CLANG_WARN_SUSPICIOUS_MOVE = YES;
				CLANG_WARN_UNGUARDED_AVAILABILITY = YES_AGGRESSIVE;
				CLANG_WARN_UNREACHABLE_CODE = YES;
				CLANG_WARN__DUPLICATE_METHOD_MATCH = YES;
				CODE_SIGN_IDENTITY = "iPhone Developer";
				COPY_PHASE_STRIP = NO;
				DEBUG_INFORMATION_FORMAT = dwarf;
				ENABLE_STRICT_OBJC_MSGSEND = YES;
				ENABLE_TESTABILITY = YES;
				GCC_C_LANGUAGE_STANDARD = gnu11;
				GCC_DYNAMIC_NO_PIC = NO;
				GCC_NO_COMMON_BLOCKS = YES;
				GCC_OPTIMIZATION_LEVEL = 0;
				GCC_PREPROCESSOR_DEFINITIONS = (
					"DEBUG=1",
					"$(inherited)",
				);
				GCC_WARN_64_TO_32_BIT_CONVERSION = YES;
				GCC_WARN_ABOUT_RETURN_TYPE = YES_ERROR;
				GCC_WARN_UNDECLARED_SELECTOR = YES;
				GCC_WARN_UNINITIALIZED_AUTOS = YES_AGGRESSIVE;
				GCC_WARN_UNUSED_FUNCTION = YES;
				GCC_WARN_UNUSED_VARIABLE = YES;
				IPHONEOS_DEPLOYMENT_TARGET = 12.4;
				MTL_ENABLE_DEBUG_INFO = INCLUDE_SOURCE;
				MTL_FAST_MATH = YES;
				ONLY_ACTIVE_ARCH = YES;
				SDKROOT = iphoneos;
				SWIFT_ACTIVE_COMPILATION_CONDITIONS = DEBUG;
				SWIFT_OPTIMIZATION_LEVEL = "-Onone";
			};
			name = Debug;
		};
		65D7D14923860D3D00666180 /* Release */ = {
			isa = XCBuildConfiguration;
			buildSettings = {
				ALWAYS_SEARCH_USER_PATHS = NO;
				CLANG_ANALYZER_NONNULL = YES;
				CLANG_ANALYZER_NUMBER_OBJECT_CONVERSION = YES_AGGRESSIVE;
				CLANG_CXX_LANGUAGE_STANDARD = "gnu++14";
				CLANG_CXX_LIBRARY = "libc++";
				CLANG_ENABLE_MODULES = YES;
				CLANG_ENABLE_OBJC_ARC = YES;
				CLANG_ENABLE_OBJC_WEAK = YES;
				CLANG_WARN_BLOCK_CAPTURE_AUTORELEASING = YES;
				CLANG_WARN_BOOL_CONVERSION = YES;
				CLANG_WARN_COMMA = YES;
				CLANG_WARN_CONSTANT_CONVERSION = YES;
				CLANG_WARN_DEPRECATED_OBJC_IMPLEMENTATIONS = YES;
				CLANG_WARN_DIRECT_OBJC_ISA_USAGE = YES_ERROR;
				CLANG_WARN_DOCUMENTATION_COMMENTS = YES;
				CLANG_WARN_EMPTY_BODY = YES;
				CLANG_WARN_ENUM_CONVERSION = YES;
				CLANG_WARN_INFINITE_RECURSION = YES;
				CLANG_WARN_INT_CONVERSION = YES;
				CLANG_WARN_NON_LITERAL_NULL_CONVERSION = YES;
				CLANG_WARN_OBJC_IMPLICIT_RETAIN_SELF = YES;
				CLANG_WARN_OBJC_LITERAL_CONVERSION = YES;
				CLANG_WARN_OBJC_ROOT_CLASS = YES_ERROR;
				CLANG_WARN_RANGE_LOOP_ANALYSIS = YES;
				CLANG_WARN_STRICT_PROTOTYPES = YES;
				CLANG_WARN_SUSPICIOUS_MOVE = YES;
				CLANG_WARN_UNGUARDED_AVAILABILITY = YES_AGGRESSIVE;
				CLANG_WARN_UNREACHABLE_CODE = YES;
				CLANG_WARN__DUPLICATE_METHOD_MATCH = YES;
				CODE_SIGN_IDENTITY = "iPhone Developer";
				COPY_PHASE_STRIP = NO;
				DEBUG_INFORMATION_FORMAT = "dwarf-with-dsym";
				ENABLE_NS_ASSERTIONS = NO;
				ENABLE_STRICT_OBJC_MSGSEND = YES;
				GCC_C_LANGUAGE_STANDARD = gnu11;
				GCC_NO_COMMON_BLOCKS = YES;
				GCC_WARN_64_TO_32_BIT_CONVERSION = YES;
				GCC_WARN_ABOUT_RETURN_TYPE = YES_ERROR;
				GCC_WARN_UNDECLARED_SELECTOR = YES;
				GCC_WARN_UNINITIALIZED_AUTOS = YES_AGGRESSIVE;
				GCC_WARN_UNUSED_FUNCTION = YES;
				GCC_WARN_UNUSED_VARIABLE = YES;
				IPHONEOS_DEPLOYMENT_TARGET = 12.4;
				MTL_ENABLE_DEBUG_INFO = NO;
				MTL_FAST_MATH = YES;
				SDKROOT = iphoneos;
				SWIFT_COMPILATION_MODE = wholemodule;
				SWIFT_OPTIMIZATION_LEVEL = "-O";
				VALIDATE_PRODUCT = YES;
			};
			name = Release;
		};
		65D7D14B23860D3D00666180 /* Debug */ = {
			isa = XCBuildConfiguration;
			baseConfigurationReference = 283661E027BC137F52FB0867 /* Pods-Vr Tour.debug.xcconfig */;
			buildSettings = {
				ASSETCATALOG_COMPILER_APPICON_NAME = AppIcon;
				CODE_SIGN_STYLE = Automatic;
				INFOPLIST_FILE = "$(SRCROOT)/Vr Tour/Resources/Info.plist";
				LD_RUNPATH_SEARCH_PATHS = (
					"$(inherited)",
					"@executable_path/Frameworks",
				);
				PRODUCT_BUNDLE_IDENTIFIER = "Abdalah.Vr-Tour";
				PRODUCT_NAME = "$(TARGET_NAME)";
				SWIFT_VERSION = 5.0;
				TARGETED_DEVICE_FAMILY = 1;
			};
			name = Debug;
		};
		65D7D14C23860D3D00666180 /* Release */ = {
			isa = XCBuildConfiguration;
			baseConfigurationReference = EF1B3553C24948F1B02FB4C5 /* Pods-Vr Tour.release.xcconfig */;
			buildSettings = {
				ASSETCATALOG_COMPILER_APPICON_NAME = AppIcon;
				CODE_SIGN_STYLE = Automatic;
				INFOPLIST_FILE = "$(SRCROOT)/Vr Tour/Resources/Info.plist";
				LD_RUNPATH_SEARCH_PATHS = (
					"$(inherited)",
					"@executable_path/Frameworks",
				);
				PRODUCT_BUNDLE_IDENTIFIER = "Abdalah.Vr-Tour";
				PRODUCT_NAME = "$(TARGET_NAME)";
				SWIFT_VERSION = 5.0;
				TARGETED_DEVICE_FAMILY = 1;
			};
			name = Release;
		};
/* End XCBuildConfiguration section */

/* Begin XCConfigurationList section */
		65D7D13323860D3A00666180 /* Build configuration list for PBXProject "Vr Tour" */ = {
			isa = XCConfigurationList;
			buildConfigurations = (
				65D7D14823860D3D00666180 /* Debug */,
				65D7D14923860D3D00666180 /* Release */,
			);
			defaultConfigurationIsVisible = 0;
			defaultConfigurationName = Release;
		};
		65D7D14A23860D3D00666180 /* Build configuration list for PBXNativeTarget "Vr Tour" */ = {
			isa = XCConfigurationList;
			buildConfigurations = (
				65D7D14B23860D3D00666180 /* Debug */,
				65D7D14C23860D3D00666180 /* Release */,
			);
			defaultConfigurationIsVisible = 0;
			defaultConfigurationName = Release;
		};
/* End XCConfigurationList section */

/* Begin XCRemoteSwiftPackageReference section */
		653780BD241F397E00338862 /* XCRemoteSwiftPackageReference "facebook-ios-sdk" */ = {
			isa = XCRemoteSwiftPackageReference;
			repositoryURL = "https://github.com/facebook/facebook-ios-sdk";
			requirement = {
				kind = upToNextMajorVersion;
				minimumVersion = 6.2.0;
			};
		};
/* End XCRemoteSwiftPackageReference section */

/* Begin XCSwiftPackageProductDependency section */
		653780BE241F397E00338862 /* FacebookCore */ = {
			isa = XCSwiftPackageProductDependency;
			package = 653780BD241F397E00338862 /* XCRemoteSwiftPackageReference "facebook-ios-sdk" */;
			productName = FacebookCore;
		};
		653780C0241F397E00338862 /* FacebookLogin */ = {
			isa = XCSwiftPackageProductDependency;
			package = 653780BD241F397E00338862 /* XCRemoteSwiftPackageReference "facebook-ios-sdk" */;
			productName = FacebookLogin;
		};
		653780C2241F397E00338862 /* FacebookShare */ = {
			isa = XCSwiftPackageProductDependency;
			package = 653780BD241F397E00338862 /* XCRemoteSwiftPackageReference "facebook-ios-sdk" */;
			productName = FacebookShare;
		};
/* End XCSwiftPackageProductDependency section */
	};
	rootObject = 65D7D13023860D3A00666180 /* Project object */;
}
